{"1.2.0",
[{<<"goldrush">>,
  {git,"https://github.com/basho/goldrush.git",
       {ref,"8f1b715d36b650ec1e1f5612c00e28af6ab0de82"}},
  1},
 {<<"lager">>,
  {git,"https://github.com/basho/lager.git",
       {ref,"81eaef0ce98fdbf64ab95665e3bc2ec4b24c7dac"}},
  0},
 {<<"msgpack">>,{pkg,<<"msgpack">>,<<"0.7.0">>},0}]}.
[
{pkg_hash,[
 {<<"msgpack">>, <<"128AE0A2227C7E7A2847C0F0F73551C268464F8C1EE96BFFB920BC0A5712B295">>}]},
{pkg_hash_ext,[
 {<<"msgpack">>, <<"4649353DA003E6F438D105E4B1E0F17757F6F5EC8687A6F30875FF3AC4CE2A51">>}]}
].
